// !$*UTF8*$!
{
	archiveVersion = 1;
	classes = {
	};
	objectVersion = 50;
	objects = {

/* Begin PBXBuildFile section */
		235E023822B11EF4008786B5 /* AppDelegate.swift in Sources */ = {isa = PBXBuildFile; fileRef = 235E023722B11EF4008786B5 /* AppDelegate.swift */; };
		235E023A22B11EF4008786B5 /* SceneDelegate.swift in Sources */ = {isa = PBXBuildFile; fileRef = 235E023922B11EF4008786B5 /* SceneDelegate.swift */; };
		235E023C22B11EF4008786B5 /* ContentView.swift in Sources */ = {isa = PBXBuildFile; fileRef = 235E023B22B11EF4008786B5 /* ContentView.swift */; };
		235E023E22B11EF5008786B5 /* Assets.xcassets in Resources */ = {isa = PBXBuildFile; fileRef = 235E023D22B11EF5008786B5 /* Assets.xcassets */; };
		235E024122B11EF5008786B5 /* Preview Assets.xcassets in Resources */ = {isa = PBXBuildFile; fileRef = 235E024022B11EF5008786B5 /* Preview Assets.xcassets */; };
		235E024422B11EF5008786B5 /* LaunchScreen.storyboard in Resources */ = {isa = PBXBuildFile; fileRef = 235E024222B11EF5008786B5 /* LaunchScreen.storyboard */; };
		235E024F22B11EF5008786B5 /* Dynamic_ListTests.swift in Sources */ = {isa = PBXBuildFile; fileRef = 235E024E22B11EF5008786B5 /* Dynamic_ListTests.swift */; };
		235E025A22B11EF5008786B5 /* Dynamic_ListUITests.swift in Sources */ = {isa = PBXBuildFile; fileRef = 235E025922B11EF5008786B5 /* Dynamic_ListUITests.swift */; };
/* End PBXBuildFile section */

/* Begin PBXContainerItemProxy section */
		235E024B22B11EF5008786B5 /* PBXContainerItemProxy */ = {
			isa = PBXContainerItemProxy;
			containerPortal = 235E022C22B11EF4008786B5 /* Project object */;
			proxyType = 1;
			remoteGlobalIDString = 235E023322B11EF4008786B5;
			remoteInfo = "Dynamic-List";
		};
		235E025622B11EF5008786B5 /* PBXContainerItemProxy */ = {
			isa = PBXContainerItemProxy;
			containerPortal = 235E022C22B11EF4008786B5 /* Project object */;
			proxyType = 1;
			remoteGlobalIDString = 235E023322B11EF4008786B5;
			remoteInfo = "Dynamic-List";
		};
/* End PBXContainerItemProxy section */

/* Begin PBXFileReference section */
		235E023422B11EF4008786B5 /* Dynamic-List.app */ = {isa = PBXFileReference; explicitFileType = wrapper.application; includeInIndex = 0; path = "Dynamic-List.app"; sourceTree = BUILT_PRODUCTS_DIR; };
		235E023722B11EF4008786B5 /* AppDelegate.swift */ = {isa = PBXFileReference; lastKnownFileType = sourcecode.swift; path = AppDelegate.swift; sourceTree = "<group>"; };
		235E023922B11EF4008786B5 /* SceneDelegate.swift */ = {isa = PBXFileReference; lastKnownFileType = sourcecode.swift; path = SceneDelegate.swift; sourceTree = "<group>"; };
		235E023B22B11EF4008786B5 /* ContentView.swift */ = {isa = PBXFileReference; lastKnownFileType = sourcecode.swift; path = ContentView.swift; sourceTree = "<group>"; };
		235E023D22B11EF5008786B5 /* Assets.xcassets */ = {isa = PBXFileReference; lastKnownFileType = folder.assetcatalog; path = Assets.xcassets; sourceTree = "<group>"; };
		235E024022B11EF5008786B5 /* Preview Assets.xcassets */ = {isa = PBXFileReference; lastKnownFileType = folder.assetcatalog; path = "Preview Assets.xcassets"; sourceTree = "<group>"; };
		235E024322B11EF5008786B5 /* Base */ = {isa = PBXFileReference; lastKnownFileType = file.storyboard; name = Base; path = Base.lproj/LaunchScreen.storyboard; sourceTree = "<group>"; };
		235E024522B11EF5008786B5 /* Info.plist */ = {isa = PBXFileReference; lastKnownFileType = text.plist.xml; path = Info.plist; sourceTree = "<group>"; };
		235E024A22B11EF5008786B5 /* Dynamic-ListTests.xctest */ = {isa = PBXFileReference; explicitFileType = wrapper.cfbundle; includeInIndex = 0; path = "Dynamic-ListTests.xctest"; sourceTree = BUILT_PRODUCTS_DIR; };
		235E024E22B11EF5008786B5 /* Dynamic_ListTests.swift */ = {isa = PBXFileReference; lastKnownFileType = sourcecode.swift; path = Dynamic_ListTests.swift; sourceTree = "<group>"; };
		235E025022B11EF5008786B5 /* Info.plist */ = {isa = PBXFileReference; lastKnownFileType = text.plist.xml; path = Info.plist; sourceTree = "<group>"; };
		235E025522B11EF5008786B5 /* Dynamic-ListUITests.xctest */ = {isa = PBXFileReference; explicitFileType = wrapper.cfbundle; includeInIndex = 0; path = "Dynamic-ListUITests.xctest"; sourceTree = BUILT_PRODUCTS_DIR; };
		235E025922B11EF5008786B5 /* Dynamic_ListUITests.swift */ = {isa = PBXFileReference; lastKnownFileType = sourcecode.swift; path = Dynamic_ListUITests.swift; sourceTree = "<group>"; };
		235E025B22B11EF5008786B5 /* Info.plist */ = {isa = PBXFileReference; lastKnownFileType = text.plist.xml; path = Info.plist; sourceTree = "<group>"; };
/* End PBXFileReference section */

/* Begin PBXFrameworksBuildPhase section */
		235E023122B11EF4008786B5 /* Frameworks */ = {
			isa = PBXFrameworksBuildPhase;
			buildActionMask = 2147483647;
			files = (
			);
			runOnlyForDeploymentPostprocessing = 0;
		};
		235E024722B11EF5008786B5 /* Frameworks */ = {
			isa = PBXFrameworksBuildPhase;
			buildActionMask = 2147483647;
			files = (
			);
			runOnlyForDeploymentPostprocessing = 0;
		};
		235E025222B11EF5008786B5 /* Frameworks */ = {
			isa = PBXFrameworksBuildPhase;
			buildActionMask = 2147483647;
			files = (
			);
			runOnlyForDeploymentPostprocessing = 0;
		};
/* End PBXFrameworksBuildPhase section */

/* Begin PBXGroup section */
		235E022B22B11EF4008786B5 = {
			isa = PBXGroup;
			children = (
				235E023622B11EF4008786B5 /* Dynamic-List */,
				235E024D22B11EF5008786B5 /* Dynamic-ListTests */,
				235E025822B11EF5008786B5 /* Dynamic-ListUITests */,
				235E023522B11EF4008786B5 /* Products */,
			);
			sourceTree = "<group>";
		};
		235E023522B11EF4008786B5 /* Products */ = {
			isa = PBXGroup;
			children = (
				235E023422B11EF4008786B5 /* Dynamic-List.app */,
				235E024A22B11EF5008786B5 /* Dynamic-ListTests.xctest */,
				235E025522B11EF5008786B5 /* Dynamic-ListUITests.xctest */,
			);
			name = Products;
			sourceTree = "<group>";
		};
		235E023622B11EF4008786B5 /* Dynamic-List */ = {
			isa = PBXGroup;
			children = (
				235E023722B11EF4008786B5 /* AppDelegate.swift */,
				235E023922B11EF4008786B5 /* SceneDelegate.swift */,
				235E023B22B11EF4008786B5 /* ContentView.swift */,
				235E023D22B11EF5008786B5 /* Assets.xcassets */,
				235E024222B11EF5008786B5 /* LaunchScreen.storyboard */,
				235E024522B11EF5008786B5 /* Info.plist */,
				235E023F22B11EF5008786B5 /* Preview Content */,
			);
			path = "Dynamic-List";
			sourceTree = "<group>";
		};
		235E023F22B11EF5008786B5 /* Preview Content */ = {
			isa = PBXGroup;
			children = (
				235E024022B11EF5008786B5 /* Preview Assets.xcassets */,
			);
			path = "Preview Content";
			sourceTree = "<group>";
		};
		235E024D22B11EF5008786B5 /* Dynamic-ListTests */ = {
			isa = PBXGroup;
			children = (
				235E024E22B11EF5008786B5 /* Dynamic_ListTests.swift */,
				235E025022B11EF5008786B5 /* Info.plist */,
			);
			path = "Dynamic-ListTests";
			sourceTree = "<group>";
		};
		235E025822B11EF5008786B5 /* Dynamic-ListUITests */ = {
			isa = PBXGroup;
			children = (
				235E025922B11EF5008786B5 /* Dynamic_ListUITests.swift */,
				235E025B22B11EF5008786B5 /* Info.plist */,
			);
			path = "Dynamic-ListUITests";
			sourceTree = "<group>";
		};
/* End PBXGroup section */

/* Begin PBXNativeTarget section */
		235E023322B11EF4008786B5 /* Dynamic-List */ = {
			isa = PBXNativeTarget;
			buildConfigurationList = 235E025E22B11EF5008786B5 /* Build configuration list for PBXNativeTarget "Dynamic-List" */;
			buildPhases = (
				235E023022B11EF4008786B5 /* Sources */,
				235E023122B11EF4008786B5 /* Frameworks */,
				235E023222B11EF4008786B5 /* Resources */,
			);
			buildRules = (
			);
			dependencies = (
			);
			name = "Dynamic-List";
			productName = "Dynamic-List";
			productReference = 235E023422B11EF4008786B5 /* Dynamic-List.app */;
			productType = "com.apple.product-type.application";
		};
		235E024922B11EF5008786B5 /* Dynamic-ListTests */ = {
			isa = PBXNativeTarget;
			buildConfigurationList = 235E026122B11EF5008786B5 /* Build configuration list for PBXNativeTarget "Dynamic-ListTests" */;
			buildPhases = (
				235E024622B11EF5008786B5 /* Sources */,
				235E024722B11EF5008786B5 /* Frameworks */,
				235E024822B11EF5008786B5 /* Resources */,
			);
			buildRules = (
			);
			dependencies = (
				235E024C22B11EF5008786B5 /* PBXTargetDependency */,
			);
			name = "Dynamic-ListTests";
			productName = "Dynamic-ListTests";
			productReference = 235E024A22B11EF5008786B5 /* Dynamic-ListTests.xctest */;
			productType = "com.apple.product-type.bundle.unit-test";
		};
		235E025422B11EF5008786B5 /* Dynamic-ListUITests */ = {
			isa = PBXNativeTarget;
			buildConfigurationList = 235E026422B11EF5008786B5 /* Build configuration list for PBXNativeTarget "Dynamic-ListUITests" */;
			buildPhases = (
				235E025122B11EF5008786B5 /* Sources */,
				235E025222B11EF5008786B5 /* Frameworks */,
				235E025322B11EF5008786B5 /* Resources */,
			);
			buildRules = (
			);
			dependencies = (
				235E025722B11EF5008786B5 /* PBXTargetDependency */,
			);
			name = "Dynamic-ListUITests";
			productName = "Dynamic-ListUITests";
			productReference = 235E025522B11EF5008786B5 /* Dynamic-ListUITests.xctest */;
			productType = "com.apple.product-type.bundle.ui-testing";
		};
/* End PBXNativeTarget section */

/* Begin PBXProject section */
		235E022C22B11EF4008786B5 /* Project object */ = {
			isa = PBXProject;
			attributes = {
				LastSwiftUpdateCheck = 1100;
				LastUpgradeCheck = 1100;
				ORGANIZATIONNAME = "Martin Lasek";
				TargetAttributes = {
					235E023322B11EF4008786B5 = {
						CreatedOnToolsVersion = 11.0;
					};
					235E024922B11EF5008786B5 = {
						CreatedOnToolsVersion = 11.0;
						TestTargetID = 235E023322B11EF4008786B5;
					};
					235E025422B11EF5008786B5 = {
						CreatedOnToolsVersion = 11.0;
						TestTargetID = 235E023322B11EF4008786B5;
					};
				};
			};
			buildConfigurationList = 235E022F22B11EF4008786B5 /* Build configuration list for PBXProject "Dynamic-List" */;
			compatibilityVersion = "Xcode 9.3";
			developmentRegion = en;
			hasScannedForEncodings = 0;
			knownRegions = (
				en,
				Base,
			);
			mainGroup = 235E022B22B11EF4008786B5;
			productRefGroup = 235E023522B11EF4008786B5 /* Products */;
			projectDirPath = "";
			projectRoot = "";
			targets = (
				235E023322B11EF4008786B5 /* Dynamic-List */,
				235E024922B11EF5008786B5 /* Dynamic-ListTests */,
				235E025422B11EF5008786B5 /* Dynamic-ListUITests */,
			);
		};
/* End PBXProject section */

/* Begin PBXResourcesBuildPhase section */
		235E023222B11EF4008786B5 /* Resources */ = {
			isa = PBXResourcesBuildPhase;
			buildActionMask = 2147483647;
			files = (
				235E024422B11EF5008786B5 /* LaunchScreen.storyboard in Resources */,
				235E024122B11EF5008786B5 /* Preview Assets.xcassets in Resources */,
				235E023E22B11EF5008786B5 /* Assets.xcassets in Resources */,
			);
			runOnlyForDeploymentPostprocessing = 0;
		};
		235E024822B11EF5008786B5 /* Resources */ = {
			isa = PBXResourcesBuildPhase;
			buildActionMask = 2147483647;
			files = (
			);
			runOnlyForDeploymentPostprocessing = 0;
		};
		235E025322B11EF5008786B5 /* Resources */ = {
			isa = PBXResourcesBuildPhase;
			buildActionMask = 2147483647;
			files = (
			);
			runOnlyForDeploymentPostprocessing = 0;
		};
/* End PBXResourcesBuildPhase section */

/* Begin PBXSourcesBuildPhase section */
		235E023022B11EF4008786B5 /* Sources */ = {
			isa = PBXSourcesBuildPhase;
			buildActionMask = 2147483647;
			files = (
				235E023822B11EF4008786B5 /* AppDelegate.swift in Sources */,
				235E023A22B11EF4008786B5 /* SceneDelegate.swift in Sources */,
				235E023C22B11EF4008786B5 /* ContentView.swift in Sources */,
			);
			runOnlyForDeploymentPostprocessing = 0;
		};
		235E024622B11EF5008786B5 /* Sources */ = {
			isa = PBXSourcesBuildPhase;
			buildActionMask = 2147483647;
			files = (
				235E024F22B11EF5008786B5 /* Dynamic_ListTests.swift in Sources */,
			);
			runOnlyForDeploymentPostprocessing = 0;
		};
		235E025122B11EF5008786B5 /* Sources */ = {
			isa = PBXSourcesBuildPhase;
			buildActionMask = 2147483647;
			files = (
				235E025A22B11EF5008786B5 /* Dynamic_ListUITests.swift in Sources */,
			);
			runOnlyForDeploymentPostprocessing = 0;
		};
/* End PBXSourcesBuildPhase section */

/* Begin PBXTargetDependency section */
		235E024C22B11EF5008786B5 /* PBXTargetDependency */ = {
			isa = PBXTargetDependency;
			target = 235E023322B11EF4008786B5 /* Dynamic-List */;
			targetProxy = 235E024B22B11EF5008786B5 /* PBXContainerItemProxy */;
		};
		235E025722B11EF5008786B5 /* PBXTargetDependency */ = {
			isa = PBXTargetDependency;
			target = 235E023322B11EF4008786B5 /* Dynamic-List */;
			targetProxy = 235E025622B11EF5008786B5 /* PBXContainerItemProxy */;
		};
/* End PBXTargetDependency section */

/* Begin PBXVariantGroup section */
		235E024222B11EF5008786B5 /* LaunchScreen.storyboard */ = {
			isa = PBXVariantGroup;
			children = (
				235E024322B11EF5008786B5 /* Base */,
			);
			name = LaunchScreen.storyboard;
			sourceTree = "<group>";
		};
/* End PBXVariantGroup section */

/* Begin XCBuildConfiguration section */
		235E025C22B11EF5008786B5 /* Debug */ = {
			isa = XCBuildConfiguration;
			buildSettings = {
				ALWAYS_SEARCH_USER_PATHS = NO;
				CLANG_ANALYZER_NONNULL = YES;
				CLANG_ANALYZER_NUMBER_OBJECT_CONVERSION = YES_AGGRESSIVE;
				CLANG_CXX_LANGUAGE_STANDARD = "gnu++14";
				CLANG_CXX_LIBRARY = "libc++";
				CLANG_ENABLE_MODULES = YES;
				CLANG_ENABLE_OBJC_ARC = YES;
				CLANG_ENABLE_OBJC_WEAK = YES;
				CLANG_WARN_BLOCK_CAPTURE_AUTORELEASING = YES;
				CLANG_WARN_BOOL_CONVERSION = YES;
				CLANG_WARN_COMMA = YES;
				CLANG_WARN_CONSTANT_CONVERSION = YES;
				CLANG_WARN_DEPRECATED_OBJC_IMPLEMENTATIONS = YES;
				CLANG_WARN_DIRECT_OBJC_ISA_USAGE = YES_ERROR;
				CLANG_WARN_DOCUMENTATION_COMMENTS = YES;
				CLANG_WARN_EMPTY_BODY = YES;
				CLANG_WARN_ENUM_CONVERSION = YES;
				CLANG_WARN_INFINITE_RECURSION = YES;
				CLANG_WARN_INT_CONVERSION = YES;
				CLANG_WARN_NON_LITERAL_NULL_CONVERSION = YES;
				CLANG_WARN_OBJC_IMPLICIT_RETAIN_SELF = YES;
				CLANG_WARN_OBJC_LITERAL_CONVERSION = YES;
				CLANG_WARN_OBJC_ROOT_CLASS = YES_ERROR;
				CLANG_WARN_RANGE_LOOP_ANALYSIS = YES;
				CLANG_WARN_STRICT_PROTOTYPES = YES;
				CLANG_WARN_SUSPICIOUS_MOVE = YES;
				CLANG_WARN_UNGUARDED_AVAILABILITY = YES_AGGRESSIVE;
				CLANG_WARN_UNREACHABLE_CODE = YES;
				CLANG_WARN__DUPLICATE_METHOD_MATCH = YES;
				COPY_PHASE_STRIP = NO;
				DEBUG_INFORMATION_FORMAT = dwarf;
				ENABLE_STRICT_OBJC_MSGSEND = YES;
				ENABLE_TESTABILITY = YES;
				GCC_C_LANGUAGE_STANDARD = gnu11;
				GCC_DYNAMIC_NO_PIC = NO;
				GCC_NO_COMMON_BLOCKS = YES;
				GCC_OPTIMIZATION_LEVEL = 0;
				GCC_PREPROCESSOR_DEFINITIONS = (
					"DEBUG=1",
					"$(inherited)",
				);
				GCC_WARN_64_TO_32_BIT_CONVERSION = YES;
				GCC_WARN_ABOUT_RETURN_TYPE = YES_ERROR;
				GCC_WARN_UNDECLARED_SELECTOR = YES;
				GCC_WARN_UNINITIALIZED_AUTOS = YES_AGGRESSIVE;
				GCC_WARN_UNUSED_FUNCTION = YES;
				GCC_WARN_UNUSED_VARIABLE = YES;
				IPHONEOS_DEPLOYMENT_TARGET = 13.0;
				MTL_ENABLE_DEBUG_INFO = INCLUDE_SOURCE;
				MTL_FAST_MATH = YES;
				ONLY_ACTIVE_ARCH = YES;
				SDKROOT = iphoneos;
				SWIFT_ACTIVE_COMPILATION_CONDITIONS = DEBUG;
				SWIFT_OPTIMIZATION_LEVEL = "-Onone";
			};
			name = Debug;
		};
		235E025D22B11EF5008786B5 /* Release */ = {
			isa = XCBuildConfiguration;
			buildSettings = {
				ALWAYS_SEARCH_USER_PATHS = NO;
				CLANG_ANALYZER_NONNULL = YES;
				CLANG_ANALYZER_NUMBER_OBJECT_CONVERSION = YES_AGGRESSIVE;
				CLANG_CXX_LANGUAGE_STANDARD = "gnu++14";
				CLANG_CXX_LIBRARY = "libc++";
				CLANG_ENABLE_MODULES = YES;
				CLANG_ENABLE_OBJC_ARC = YES;
				CLANG_ENABLE_OBJC_WEAK = YES;
				CLANG_WARN_BLOCK_CAPTURE_AUTORELEASING = YES;
				CLANG_WARN_BOOL_CONVERSION = YES;
				CLANG_WARN_COMMA = YES;
				CLANG_WARN_CONSTANT_CONVERSION = YES;
				CLANG_WARN_DEPRECATED_OBJC_IMPLEMENTATIONS = YES;
				CLANG_WARN_DIRECT_OBJC_ISA_USAGE = YES_ERROR;
				CLANG_WARN_DOCUMENTATION_COMMENTS = YES;
				CLANG_WARN_EMPTY_BODY = YES;
				CLANG_WARN_ENUM_CONVERSION = YES;
				CLANG_WARN_INFINITE_RECURSION = YES;
				CLANG_WARN_INT_CONVERSION = YES;
				CLANG_WARN_NON_LITERAL_NULL_CONVERSION = YES;
				CLANG_WARN_OBJC_IMPLICIT_RETAIN_SELF = YES;
				CLANG_WARN_OBJC_LITERAL_CONVERSION = YES;
				CLANG_WARN_OBJC_ROOT_CLASS = YES_ERROR;
				CLANG_WARN_RANGE_LOOP_ANALYSIS = YES;
				CLANG_WARN_STRICT_PROTOTYPES = YES;
				CLANG_WARN_SUSPICIOUS_MOVE = YES;
				CLANG_WARN_UNGUARDED_AVAILABILITY = YES_AGGRESSIVE;
				CLANG_WARN_UNREACHABLE_CODE = YES;
				CLANG_WARN__DUPLICATE_METHOD_MATCH = YES;
				COPY_PHASE_STRIP = NO;
				DEBUG_INFORMATION_FORMAT = "dwarf-with-dsym";
				ENABLE_NS_ASSERTIONS = NO;
				ENABLE_STRICT_OBJC_MSGSEND = YES;
				GCC_C_LANGUAGE_STANDARD = gnu11;
				GCC_NO_COMMON_BLOCKS = YES;
				GCC_WARN_64_TO_32_BIT_CONVERSION = YES;
				GCC_WARN_ABOUT_RETURN_TYPE = YES_ERROR;
				GCC_WARN_UNDECLARED_SELECTOR = YES;
				GCC_WARN_UNINITIALIZED_AUTOS = YES_AGGRESSIVE;
				GCC_WARN_UNUSED_FUNCTION = YES;
				GCC_WARN_UNUSED_VARIABLE = YES;
				IPHONEOS_DEPLOYMENT_TARGET = 13.0;
				MTL_ENABLE_DEBUG_INFO = NO;
				MTL_FAST_MATH = YES;
				SDKROOT = iphoneos;
				SWIFT_COMPILATION_MODE = wholemodule;
				SWIFT_OPTIMIZATION_LEVEL = "-O";
				VALIDATE_PRODUCT = YES;
			};
			name = Release;
		};
		235E025F22B11EF5008786B5 /* Debug */ = {
			isa = XCBuildConfiguration;
			buildSettings = {
				ASSETCATALOG_COMPILER_APPICON_NAME = AppIcon;
				CODE_SIGN_STYLE = Automatic;
				DEVELOPMENT_ASSET_PATHS = "Dynamic-List/Preview\\ Content";
				DEVELOPMENT_TEAM = JLJHFZ4FU8;
				ENABLE_PREVIEWS = YES;
				INFOPLIST_FILE = "Dynamic-List/Info.plist";
				LD_RUNPATH_SEARCH_PATHS = (
					"$(inherited)",
					"@executable_path/Frameworks",
				);
				PRODUCT_BUNDLE_IDENTIFIER = "com.martinlasek.Dynamic-List";
				PRODUCT_NAME = "$(TARGET_NAME)";
				SWIFT_VERSION = 5.0;
				TARGETED_DEVICE_FAMILY = "1,2";
			};
			name = Debug;
		};
		235E026022B11EF5008786B5 /* Release */ = {
			isa = XCBuildConfiguration;
			buildSettings = {
				ASSETCATALOG_COMPILER_APPICON_NAME = AppIcon;
				CODE_SIGN_STYLE = Automatic;
				DEVELOPMENT_ASSET_PATHS = "Dynamic-List/Preview\\ Content";
				DEVELOPMENT_TEAM = JLJHFZ4FU8;
				ENABLE_PREVIEWS = YES;
				INFOPLIST_FILE = "Dynamic-List/Info.plist";
				LD_RUNPATH_SEARCH_PATHS = (
					"$(inherited)",
					"@executable_path/Frameworks",
				);
				PRODUCT_BUNDLE_IDENTIFIER = "com.martinlasek.Dynamic-List";
				PRODUCT_NAME = "$(TARGET_NAME)";
				SWIFT_VERSION = 5.0;
				TARGETED_DEVICE_FAMILY = "1,2";
			};
			name = Release;
		};
		235E026222B11EF5008786B5 /* Debug */ = {
			isa = XCBuildConfiguration;
			buildSettings = {
				ALWAYS_EMBED_SWIFT_STANDARD_LIBRARIES = YES;
				BUNDLE_LOADER = "$(TEST_HOST)";
				CODE_SIGN_STYLE = Automatic;
				DEVELOPMENT_TEAM = JLJHFZ4FU8;
				INFOPLIST_FILE = "Dynamic-ListTests/Info.plist";
				LD_RUNPATH_SEARCH_PATHS = (
					"$(inherited)",
					"@executable_path/Frameworks",
					"@loader_path/Frameworks",
				);
				PRODUCT_BUNDLE_IDENTIFIER = "com.martinlasek.Dynamic-ListTests";
				PRODUCT_NAME = "$(TARGET_NAME)";
				SWIFT_VERSION = 5.0;
				TARGETED_DEVICE_FAMILY = "1,2";
				TEST_HOST = "$(BUILT_PRODUCTS_DIR)/Dynamic-List.app/Dynamic-List";
			};
			name = Debug;
		};
		235E026322B11EF5008786B5 /* Release */ = {
			isa = XCBuildConfiguration;
			buildSettings = {
				ALWAYS_EMBED_SWIFT_STANDARD_LIBRARIES = YES;
				BUNDLE_LOADER = "$(TEST_HOST)";
				CODE_SIGN_STYLE = Automatic;
				DEVELOPMENT_TEAM = JLJHFZ4FU8;
				INFOPLIST_FILE = "Dynamic-ListTests/Info.plist";
				LD_RUNPATH_SEARCH_PATHS = (
					"$(inherited)",
					"@executable_path/Frameworks",
					"@loader_path/Frameworks",
				);
				PRODUCT_BUNDLE_IDENTIFIER = "com.martinlasek.Dynamic-ListTests";
				PRODUCT_NAME = "$(TARGET_NAME)";
				SWIFT_VERSION = 5.0;
				TARGETED_DEVICE_FAMILY = "1,2";
				TEST_HOST = "$(BUILT_PRODUCTS_DIR)/Dynamic-List.app/Dynamic-List";
			};
			name = Release;
		};
		235E026522B11EF5008786B5 /* Debug */ = {
			isa = XCBuildConfiguration;
			buildSettings = {
				ALWAYS_EMBED_SWIFT_STANDARD_LIBRARIES = YES;
				CODE_SIGN_STYLE = Automatic;
				DEVELOPMENT_TEAM = JLJHFZ4FU8;
				INFOPLIST_FILE = "Dynamic-ListUITests/Info.plist";
				LD_RUNPATH_SEARCH_PATHS = (
					"$(inherited)",
					"@executable_path/Frameworks",
					"@loader_path/Frameworks",
				);
				PRODUCT_BUNDLE_IDENTIFIER = "com.martinlasek.Dynamic-ListUITests";
				PRODUCT_NAME = "$(TARGET_NAME)";
				SWIFT_VERSION = 5.0;
				TARGETED_DEVICE_FAMILY = "1,2";
				TEST_TARGET_NAME = "Dynamic-List";
			};
			name = Debug;
		};
		235E026622B11EF5008786B5 /* Release */ = {
			isa = XCBuildConfiguration;
			buildSettings = {
				ALWAYS_EMBED_SWIFT_STANDARD_LIBRARIES = YES;
				CODE_SIGN_STYLE = Automatic;
				DEVELOPMENT_TEAM = JLJHFZ4FU8;
				INFOPLIST_FILE = "Dynamic-ListUITests/Info.plist";
				LD_RUNPATH_SEARCH_PATHS = (
					"$(inherited)",
					"@executable_path/Frameworks",
					"@loader_path/Frameworks",
				);
				PRODUCT_BUNDLE_IDENTIFIER = "com.martinlasek.Dynamic-ListUITests";
				PRODUCT_NAME = "$(TARGET_NAME)";
				SWIFT_VERSION = 5.0;
				TARGETED_DEVICE_FAMILY = "1,2";
				TEST_TARGET_NAME = "Dynamic-List";
			};
			name = Release;
		};
/* End XCBuildConfiguration section */

/* Begin XCConfigurationList section */
		235E022F22B11EF4008786B5 /* Build configuration list for PBXProject "Dynamic-List" */ = {
			isa = XCConfigurationList;
			buildConfigurations = (
				235E025C22B11EF5008786B5 /* Debug */,
				235E025D22B11EF5008786B5 /* Release */,
			);
			defaultConfigurationIsVisible = 0;
			defaultConfigurationName = Release;
		};
		235E025E22B11EF5008786B5 /* Build configuration list for PBXNativeTarget "Dynamic-List" */ = {
			isa = XCConfigurationList;
			buildConfigurations = (
				235E025F22B11EF5008786B5 /* Debug */,
				235E026022B11EF5008786B5 /* Release */,
			);
			defaultConfigurationIsVisible = 0;
			defaultConfigurationName = Release;
		};
		235E026122B11EF5008786B5 /* Build configuration list for PBXNativeTarget "Dynamic-ListTests" */ = {
			isa = XCConfigurationList;
			buildConfigurations = (
				235E026222B11EF5008786B5 /* Debug */,
				235E026322B11EF5008786B5 /* Release */,
			);
			defaultConfigurationIsVisible = 0;
			defaultConfigurationName = Release;
		};
		235E026422B11EF5008786B5 /* Build configuration list for PBXNativeTarget "Dynamic-ListUITests" */ = {
			isa = XCConfigurationList;
			buildConfigurations = (
				235E026522B11EF5008786B5 /* Debug */,
				235E026622B11EF5008786B5 /* Release */,
			);
			defaultConfigurationIsVisible = 0;
			defaultConfigurationName = Release;
		};
/* End XCConfigurationList section */
	};
	rootObject = 235E022C22B11EF4008786B5 /* Project object */;
}
